
Microsoft Visual Studio Solution File, Format Version 12.00
# Visual Studio Version 17
VisualStudioVersion = 17.10.35013.160
MinimumVisualStudioVersion = 10.0.40219.1
Project("{FAE04EC0-301F-11D3-BF4B-00C04F79EFBC}") = "drinkMachine", "drinkMachine\drinkMachine.csproj", "{9EDA0E79-FD95-469C-BB34-6F2BFE7D3962}"
EndProject
Global
	GlobalSection(SolutionConfigurationPlatforms) = preSolution
		Debug|Any CPU = Debug|Any CPU
		Release|Any CPU = Release|Any CPU
	EndGlobalSection
	GlobalSection(ProjectConfigurationPlatforms) = postSolution
		{9EDA0E79-FD95-469C-BB34-6F2BFE7D3962}.Debug|Any CPU.ActiveCfg = Debug|Any CPU
		{9EDA0E79-FD95-469C-BB34-6F2BFE7D3962}.Debug|Any CPU.Build.0 = Debug|Any CPU
		{9EDA0E79-FD95-469C-BB34-6F2BFE7D3962}.Release|Any CPU.ActiveCfg = Release|Any CPU
		{9EDA0E79-FD95-469C-BB34-6F2BFE7D3962}.Release|Any CPU.Build.0 = Release|Any CPU
	EndGlobalSection
	GlobalSection(SolutionProperties) = preSolution
		HideSolutionNode = FALSE
	EndGlobalSection
	GlobalSection(ExtensibilityGlobals) = postSolution
		SolutionGuid = {9BCAA834-B49B-4C23-BAD3-9EAA9DC308C6}
	EndGlobalSection
EndGlobal
